// !$*UTF8*$!
{
	archiveVersion = 1;
	classes = {
	};
	objectVersion = 50;
	objects = {

/* Begin PBXBuildFile section */
		F42E6DD72495915D00C29C42 /* main.cpp in Sources */ = {isa = PBXBuildFile; fileRef = F42E6DD62495915D00C29C42 /* main.cpp */; };
/* End PBXBuildFile section */

/* Begin PBXCopyFilesBuildPhase section */
		F42E6DD12495915D00C29C42 /* CopyFiles */ = {
			isa = PBXCopyFilesBuildPhase;
			buildActionMask = 2147483647;
			dstPath = /usr/share/man/man1/;
			dstSubfolderSpec = 0;
			files = (
			);
			runOnlyForDeploymentPostprocessing = 1;
		};
/* End PBXCopyFilesBuildPhase section */

/* Begin PBXFileReference section */
		F42E6DD32495915D00C29C42 /* DataStructureAlgorithmLibrary */ = {isa = PBXFileReference; explicitFileType = "compiled.mach-o.executable"; includeInIndex = 0; path = DataStructureAlgorithmLibrary; sourceTree = BUILT_PRODUCTS_DIR; };
		F42E6DD62495915D00C29C42 /* main.cpp */ = {isa = PBXFileReference; lastKnownFileType = sourcecode.cpp.cpp; path = main.cpp; sourceTree = "<group>"; };
		F42E6DDD249592B000C29C42 /* UnionFind.h */ = {isa = PBXFileReference; lastKnownFileType = sourcecode.c.h; path = UnionFind.h; sourceTree = "<group>"; };
		F42E6DDE249592BC00C29C42 /* LinkedList.h */ = {isa = PBXFileReference; lastKnownFileType = sourcecode.c.h; path = LinkedList.h; sourceTree = "<group>"; };
		F42E6DDF249592C800C29C42 /* CircularLinkedList.h */ = {isa = PBXFileReference; lastKnownFileType = sourcecode.c.h; path = CircularLinkedList.h; sourceTree = "<group>"; };
		F42E6DE0249592D600C29C42 /* HashMap.h */ = {isa = PBXFileReference; lastKnownFileType = sourcecode.c.h; path = HashMap.h; sourceTree = "<group>"; };
		F42E6DE1249592DF00C29C42 /* BinaryTree.h */ = {isa = PBXFileReference; lastKnownFileType = sourcecode.c.h; path = BinaryTree.h; sourceTree = "<group>"; };
		F42E6DE2249592E900C29C42 /* BinarySearchTree.h */ = {isa = PBXFileReference; lastKnownFileType = sourcecode.c.h; path = BinarySearchTree.h; sourceTree = "<group>"; };
		F42E6DE3249592FB00C29C42 /* BalancedBinaryTree.h */ = {isa = PBXFileReference; lastKnownFileType = sourcecode.c.h; path = BalancedBinaryTree.h; sourceTree = "<group>"; };
		F42E6DE42495930700C29C42 /* Graphs.h */ = {isa = PBXFileReference; lastKnownFileType = sourcecode.c.h; path = Graphs.h; sourceTree = "<group>"; };
		F42E6DE52495931600C29C42 /* FenwickTree.h */ = {isa = PBXFileReference; lastKnownFileType = sourcecode.c.h; path = FenwickTree.h; sourceTree = "<group>"; };
		F42E6DE62495932100C29C42 /* SegmentTree.h */ = {isa = PBXFileReference; lastKnownFileType = sourcecode.c.h; path = SegmentTree.h; sourceTree = "<group>"; };
		F4ABFB042495F53F00F13314 /* Node.h */ = {isa = PBXFileReference; lastKnownFileType = sourcecode.c.h; path = Node.h; sourceTree = "<group>"; };
/* End PBXFileReference section */

/* Begin PBXFrameworksBuildPhase section */
		F42E6DD02495915D00C29C42 /* Frameworks */ = {
			isa = PBXFrameworksBuildPhase;
			buildActionMask = 2147483647;
			files = (
			);
			runOnlyForDeploymentPostprocessing = 0;
		};
/* End PBXFrameworksBuildPhase section */

/* Begin PBXGroup section */
		F42E6DCA2495915D00C29C42 = {
			isa = PBXGroup;
			children = (
				F42E6DD52495915D00C29C42 /* DataStructureAlgorithmLibrary */,
				F42E6DD42495915D00C29C42 /* Products */,
			);
			sourceTree = "<group>";
		};
		F42E6DD42495915D00C29C42 /* Products */ = {
			isa = PBXGroup;
			children = (
				F42E6DD32495915D00C29C42 /* DataStructureAlgorithmLibrary */,
			);
			name = Products;
			sourceTree = "<group>";
		};
		F42E6DD52495915D00C29C42 /* DataStructureAlgorithmLibrary */ = {
			isa = PBXGroup;
			children = (
				F42E6DD62495915D00C29C42 /* main.cpp */,
				F42E6DDD249592B000C29C42 /* UnionFind.h */,
				F42E6DDE249592BC00C29C42 /* LinkedList.h */,
				F42E6DDF249592C800C29C42 /* CircularLinkedList.h */,
				F42E6DE0249592D600C29C42 /* HashMap.h */,
				F42E6DE1249592DF00C29C42 /* BinaryTree.h */,
				F42E6DE2249592E900C29C42 /* BinarySearchTree.h */,
				F42E6DE3249592FB00C29C42 /* BalancedBinaryTree.h */,
				F42E6DE42495930700C29C42 /* Graphs.h */,
				F42E6DE52495931600C29C42 /* FenwickTree.h */,
				F42E6DE62495932100C29C42 /* SegmentTree.h */,
				F4ABFB042495F53F00F13314 /* Node.h */,
			);
			path = DataStructureAlgorithmLibrary;
			sourceTree = "<group>";
		};
/* End PBXGroup section */

/* Begin PBXNativeTarget section */
		F42E6DD22495915D00C29C42 /* DataStructureAlgorithmLibrary */ = {
			isa = PBXNativeTarget;
			buildConfigurationList = F42E6DDA2495915D00C29C42 /* Build configuration list for PBXNativeTarget "DataStructureAlgorithmLibrary" */;
			buildPhases = (
				F42E6DCF2495915D00C29C42 /* Sources */,
				F42E6DD02495915D00C29C42 /* Frameworks */,
				F42E6DD12495915D00C29C42 /* CopyFiles */,
			);
			buildRules = (
			);
			dependencies = (
			);
			name = DataStructureAlgorithmLibrary;
			productName = DataStructureAlgorithmLibrary;
			productReference = F42E6DD32495915D00C29C42 /* DataStructureAlgorithmLibrary */;
			productType = "com.apple.product-type.tool";
		};
/* End PBXNativeTarget section */

/* Begin PBXProject section */
		F42E6DCB2495915D00C29C42 /* Project object */ = {
			isa = PBXProject;
			attributes = {
				LastUpgradeCheck = 1100;
				ORGANIZATIONNAME = GoDimensions;
				TargetAttributes = {
					F42E6DD22495915D00C29C42 = {
						CreatedOnToolsVersion = 11.0;
					};
				};
			};
			buildConfigurationList = F42E6DCE2495915D00C29C42 /* Build configuration list for PBXProject "DataStructureAlgorithmLibrary" */;
			compatibilityVersion = "Xcode 9.3";
			developmentRegion = en;
			hasScannedForEncodings = 0;
			knownRegions = (
				en,
				Base,
			);
			mainGroup = F42E6DCA2495915D00C29C42;
			productRefGroup = F42E6DD42495915D00C29C42 /* Products */;
			projectDirPath = "";
			projectRoot = "";
			targets = (
				F42E6DD22495915D00C29C42 /* DataStructureAlgorithmLibrary */,
			);
		};
/* End PBXProject section */

/* Begin PBXSourcesBuildPhase section */
		F42E6DCF2495915D00C29C42 /* Sources */ = {
			isa = PBXSourcesBuildPhase;
			buildActionMask = 2147483647;
			files = (
				F42E6DD72495915D00C29C42 /* main.cpp in Sources */,
			);
			runOnlyForDeploymentPostprocessing = 0;
		};
/* End PBXSourcesBuildPhase section */

/* Begin XCBuildConfiguration section */
		F42E6DD82495915D00C29C42 /* Debug */ = {
			isa = XCBuildConfiguration;
			buildSettings = {
				ALWAYS_SEARCH_USER_PATHS = NO;
				CLANG_ANALYZER_NONNULL = YES;
				CLANG_ANALYZER_NUMBER_OBJECT_CONVERSION = YES_AGGRESSIVE;
				CLANG_CXX_LANGUAGE_STANDARD = "gnu++14";
				CLANG_CXX_LIBRARY = "libc++";
				CLANG_ENABLE_MODULES = YES;
				CLANG_ENABLE_OBJC_ARC = YES;
				CLANG_ENABLE_OBJC_WEAK = YES;
				CLANG_WARN_BLOCK_CAPTURE_AUTORELEASING = YES;
				CLANG_WARN_BOOL_CONVERSION = YES;
				CLANG_WARN_COMMA = YES;
				CLANG_WARN_CONSTANT_CONVERSION = YES;
				CLANG_WARN_DEPRECATED_OBJC_IMPLEMENTATIONS = YES;
				CLANG_WARN_DIRECT_OBJC_ISA_USAGE = YES_ERROR;
				CLANG_WARN_DOCUMENTATION_COMMENTS = YES;
				CLANG_WARN_EMPTY_BODY = YES;
				CLANG_WARN_ENUM_CONVERSION = YES;
				CLANG_WARN_INFINITE_RECURSION = YES;
				CLANG_WARN_INT_CONVERSION = YES;
				CLANG_WARN_NON_LITERAL_NULL_CONVERSION = YES;
				CLANG_WARN_OBJC_IMPLICIT_RETAIN_SELF = YES;
				CLANG_WARN_OBJC_LITERAL_CONVERSION = YES;
				CLANG_WARN_OBJC_ROOT_CLASS = YES_ERROR;
				CLANG_WARN_RANGE_LOOP_ANALYSIS = YES;
				CLANG_WARN_STRICT_PROTOTYPES = YES;
				CLANG_WARN_SUSPICIOUS_MOVE = YES;
				CLANG_WARN_UNGUARDED_AVAILABILITY = YES_AGGRESSIVE;
				CLANG_WARN_UNREACHABLE_CODE = YES;
				CLANG_WARN__DUPLICATE_METHOD_MATCH = YES;
				COPY_PHASE_STRIP = NO;
				DEBUG_INFORMATION_FORMAT = dwarf;
				ENABLE_STRICT_OBJC_MSGSEND = YES;
				ENABLE_TESTABILITY = YES;
				GCC_C_LANGUAGE_STANDARD = gnu11;
				GCC_DYNAMIC_NO_PIC = NO;
				GCC_NO_COMMON_BLOCKS = YES;
				GCC_OPTIMIZATION_LEVEL = 0;
				GCC_PREPROCESSOR_DEFINITIONS = (
					"DEBUG=1",
					"$(inherited)",
				);
				GCC_WARN_64_TO_32_BIT_CONVERSION = YES;
				GCC_WARN_ABOUT_RETURN_TYPE = YES_ERROR;
				GCC_WARN_UNDECLARED_SELECTOR = YES;
				GCC_WARN_UNINITIALIZED_AUTOS = YES_AGGRESSIVE;
				GCC_WARN_UNUSED_FUNCTION = YES;
				GCC_WARN_UNUSED_VARIABLE = YES;
				MACOSX_DEPLOYMENT_TARGET = 10.15;
				MTL_ENABLE_DEBUG_INFO = INCLUDE_SOURCE;
				MTL_FAST_MATH = YES;
				ONLY_ACTIVE_ARCH = YES;
				SDKROOT = macosx;
			};
			name = Debug;
		};
		F42E6DD92495915D00C29C42 /* Release */ = {
			isa = XCBuildConfiguration;
			buildSettings = {
				ALWAYS_SEARCH_USER_PATHS = NO;
				CLANG_ANALYZER_NONNULL = YES;
				CLANG_ANALYZER_NUMBER_OBJECT_CONVERSION = YES_AGGRESSIVE;
				CLANG_CXX_LANGUAGE_STANDARD = "gnu++14";
				CLANG_CXX_LIBRARY = "libc++";
				CLANG_ENABLE_MODULES = YES;
				CLANG_ENABLE_OBJC_ARC = YES;
				CLANG_ENABLE_OBJC_WEAK = YES;
				CLANG_WARN_BLOCK_CAPTURE_AUTORELEASING = YES;
				CLANG_WARN_BOOL_CONVERSION = YES;
				CLANG_WARN_COMMA = YES;
				CLANG_WARN_CONSTANT_CONVERSION = YES;
				CLANG_WARN_DEPRECATED_OBJC_IMPLEMENTATIONS = YES;
				CLANG_WARN_DIRECT_OBJC_ISA_USAGE = YES_ERROR;
				CLANG_WARN_DOCUMENTATION_COMMENTS = YES;
				CLANG_WARN_EMPTY_BODY = YES;
				CLANG_WARN_ENUM_CONVERSION = YES;
				CLANG_WARN_INFINITE_RECURSION = YES;
				CLANG_WARN_INT_CONVERSION = YES;
				CLANG_WARN_NON_LITERAL_NULL_CONVERSION = YES;
				CLANG_WARN_OBJC_IMPLICIT_RETAIN_SELF = YES;
				CLANG_WARN_OBJC_LITERAL_CONVERSION = YES;
				CLANG_WARN_OBJC_ROOT_CLASS = YES_ERROR;
				CLANG_WARN_RANGE_LOOP_ANALYSIS = YES;
				CLANG_WARN_STRICT_PROTOTYPES = YES;
				CLANG_WARN_SUSPICIOUS_MOVE = YES;
				CLANG_WARN_UNGUARDED_AVAILABILITY = YES_AGGRESSIVE;
				CLANG_WARN_UNREACHABLE_CODE = YES;
				CLANG_WARN__DUPLICATE_METHOD_MATCH = YES;
				COPY_PHASE_STRIP = NO;
				DEBUG_INFORMATION_FORMAT = "dwarf-with-dsym";
				ENABLE_NS_ASSERTIONS = NO;
				ENABLE_STRICT_OBJC_MSGSEND = YES;
				GCC_C_LANGUAGE_STANDARD = gnu11;
				GCC_NO_COMMON_BLOCKS = YES;
				GCC_WARN_64_TO_32_BIT_CONVERSION = YES;
				GCC_WARN_ABOUT_RETURN_TYPE = YES_ERROR;
				GCC_WARN_UNDECLARED_SELECTOR = YES;
				GCC_WARN_UNINITIALIZED_AUTOS = YES_AGGRESSIVE;
				GCC_WARN_UNUSED_FUNCTION = YES;
				GCC_WARN_UNUSED_VARIABLE = YES;
				MACOSX_DEPLOYMENT_TARGET = 10.15;
				MTL_ENABLE_DEBUG_INFO = NO;
				MTL_FAST_MATH = YES;
				SDKROOT = macosx;
			};
			name = Release;
		};
		F42E6DDB2495915D00C29C42 /* Debug */ = {
			isa = XCBuildConfiguration;
			buildSettings = {
				CODE_SIGN_STYLE = Automatic;
				DEVELOPMENT_TEAM = 3H9W6U448P;
				ENABLE_HARDENED_RUNTIME = YES;
				PRODUCT_NAME = "$(TARGET_NAME)";
			};
			name = Debug;
		};
		F42E6DDC2495915D00C29C42 /* Release */ = {
			isa = XCBuildConfiguration;
			buildSettings = {
				CODE_SIGN_STYLE = Automatic;
				DEVELOPMENT_TEAM = 3H9W6U448P;
				ENABLE_HARDENED_RUNTIME = YES;
				PRODUCT_NAME = "$(TARGET_NAME)";
			};
			name = Release;
		};
/* End XCBuildConfiguration section */

/* Begin XCConfigurationList section */
		F42E6DCE2495915D00C29C42 /* Build configuration list for PBXProject "DataStructureAlgorithmLibrary" */ = {
			isa = XCConfigurationList;
			buildConfigurations = (
				F42E6DD82495915D00C29C42 /* Debug */,
				F42E6DD92495915D00C29C42 /* Release */,
			);
			defaultConfigurationIsVisible = 0;
			defaultConfigurationName = Release;
		};
		F42E6DDA2495915D00C29C42 /* Build configuration list for PBXNativeTarget "DataStructureAlgorithmLibrary" */ = {
			isa = XCConfigurationList;
			buildConfigurations = (
				F42E6DDB2495915D00C29C42 /* Debug */,
				F42E6DDC2495915D00C29C42 /* Release */,
			);
			defaultConfigurationIsVisible = 0;
			defaultConfigurationName = Release;
		};
/* End XCConfigurationList section */
	};
	rootObject = F42E6DCB2495915D00C29C42 /* Project object */;
}
